
Microsoft Visual Studio Solution File, Format Version 12.00
# Visual Studio Version 17
VisualStudioVersion = 17.3.32901.215
MinimumVisualStudioVersion = 10.0.40219.1
Project("{9A19103F-16F7-4668-BE54-9A1E7A4F7556}") = "UtmBuilder", "UtmBuilder\UtmBuilder.csproj", "{5F5E5C76-42B3-4B75-BCC1-78922D680797}"
EndProject
Project("{9A19103F-16F7-4668-BE54-9A1E7A4F7556}") = "UtmBuilder.Test", "UtmBuilder.Test\UtmBuilder.Test.csproj", "{9858442B-1B89-4961-BB7F-8588F59F86F1}"
EndProject
Project("{9A19103F-16F7-4668-BE54-9A1E7A4F7556}") = "UtmBuilder.Api", "UtmBuilder.Api\UtmBuilder.Api.csproj", "{E31636A8-CF5E-407E-8BDE-780312ABF82E}"
EndProject
Project("{9A19103F-16F7-4668-BE54-9A1E7A4F7556}") = "UtmBuilder.Site", "UtmBuilder.Site\UtmBuilder.Site.csproj", "{E9F915B4-1E8D-4424-819E-66ACB93CCFE7}"
EndProject
Project("{9A19103F-16F7-4668-BE54-9A1E7A4F7556}") = "UtmBuilder.Pwa", "UtmBuilder.Pwa\UtmBuilder.Pwa.csproj", "{91012062-E7A8-4F53-A814-144652C266A8}"
EndProject
Project("{FAE04EC0-301F-11D3-BF4B-00C04F79EFBC}") = "UtmBuilder.Mobile.UWP", "UtmBuilder.Mobile\UtmBuilder.Mobile.UWP\UtmBuilder.Mobile.UWP.csproj", "{76284B34-90A7-437C-85C9-829387F4C5B8}"
EndProject
Project("{FAE04EC0-301F-11D3-BF4B-00C04F79EFBC}") = "UtmBuilder.Mobile.Android", "UtmBuilder.Mobile\UtmBuilder.Mobile.Android\UtmBuilder.Mobile.Android.csproj", "{92841A9E-93B9-4F86-8805-EBBA06BF9C0E}"
EndProject
Project("{FAE04EC0-301F-11D3-BF4B-00C04F79EFBC}") = "UtmBuilder.Mobile.iOS", "UtmBuilder.Mobile\UtmBuilder.Mobile.iOS\UtmBuilder.Mobile.iOS.csproj", "{183819F7-84C2-4844-9FFF-224D31AAB1AE}"
EndProject
Project("{FAE04EC0-301F-11D3-BF4B-00C04F79EFBC}") = "UtmBuilder.Mobile", "UtmBuilder.Mobile\UtmBuilder.Mobile\UtmBuilder.Mobile.csproj", "{F778ACA7-0337-4AE4-A0FD-48F42AF450E6}"
EndProject
Global
	GlobalSection(SolutionConfigurationPlatforms) = preSolution
		Debug|Any CPU = Debug|Any CPU
		Debug|ARM = Debug|ARM
		Debug|iPhone = Debug|iPhone
		Debug|iPhoneSimulator = Debug|iPhoneSimulator
		Debug|x64 = Debug|x64
		Debug|x86 = Debug|x86
		Release|Any CPU = Release|Any CPU
		Release|ARM = Release|ARM
		Release|iPhone = Release|iPhone
		Release|iPhoneSimulator = Release|iPhoneSimulator
		Release|x64 = Release|x64
		Release|x86 = Release|x86
	EndGlobalSection
	GlobalSection(ProjectConfigurationPlatforms) = postSolution
		{5F5E5C76-42B3-4B75-BCC1-78922D680797}.Debug|Any CPU.ActiveCfg = Debug|Any CPU
		{5F5E5C76-42B3-4B75-BCC1-78922D680797}.Debug|Any CPU.Build.0 = Debug|Any CPU
		{5F5E5C76-42B3-4B75-BCC1-78922D680797}.Debug|ARM.ActiveCfg = Debug|Any CPU
		{5F5E5C76-42B3-4B75-BCC1-78922D680797}.Debug|ARM.Build.0 = Debug|Any CPU
		{5F5E5C76-42B3-4B75-BCC1-78922D680797}.Debug|iPhone.ActiveCfg = Debug|Any CPU
		{5F5E5C76-42B3-4B75-BCC1-78922D680797}.Debug|iPhone.Build.0 = Debug|Any CPU
		{5F5E5C76-42B3-4B75-BCC1-78922D680797}.Debug|iPhoneSimulator.ActiveCfg = Debug|Any CPU
		{5F5E5C76-42B3-4B75-BCC1-78922D680797}.Debug|iPhoneSimulator.Build.0 = Debug|Any CPU
		{5F5E5C76-42B3-4B75-BCC1-78922D680797}.Debug|x64.ActiveCfg = Debug|Any CPU
		{5F5E5C76-42B3-4B75-BCC1-78922D680797}.Debug|x64.Build.0 = Debug|Any CPU
		{5F5E5C76-42B3-4B75-BCC1-78922D680797}.Debug|x86.ActiveCfg = Debug|Any CPU
		{5F5E5C76-42B3-4B75-BCC1-78922D680797}.Debug|x86.Build.0 = Debug|Any CPU
		{5F5E5C76-42B3-4B75-BCC1-78922D680797}.Release|Any CPU.ActiveCfg = Release|Any CPU
		{5F5E5C76-42B3-4B75-BCC1-78922D680797}.Release|Any CPU.Build.0 = Release|Any CPU
		{5F5E5C76-42B3-4B75-BCC1-78922D680797}.Release|ARM.ActiveCfg = Release|Any CPU
		{5F5E5C76-42B3-4B75-BCC1-78922D680797}.Release|ARM.Build.0 = Release|Any CPU
		{5F5E5C76-42B3-4B75-BCC1-78922D680797}.Release|iPhone.ActiveCfg = Release|Any CPU
		{5F5E5C76-42B3-4B75-BCC1-78922D680797}.Release|iPhone.Build.0 = Release|Any CPU
		{5F5E5C76-42B3-4B75-BCC1-78922D680797}.Release|iPhoneSimulator.ActiveCfg = Release|Any CPU
		{5F5E5C76-42B3-4B75-BCC1-78922D680797}.Release|iPhoneSimulator.Build.0 = Release|Any CPU
		{5F5E5C76-42B3-4B75-BCC1-78922D680797}.Release|x64.ActiveCfg = Release|Any CPU
		{5F5E5C76-42B3-4B75-BCC1-78922D680797}.Release|x64.Build.0 = Release|Any CPU
		{5F5E5C76-42B3-4B75-BCC1-78922D680797}.Release|x86.ActiveCfg = Release|Any CPU
		{5F5E5C76-42B3-4B75-BCC1-78922D680797}.Release|x86.Build.0 = Release|Any CPU
		{9858442B-1B89-4961-BB7F-8588F59F86F1}.Debug|Any CPU.ActiveCfg = Debug|Any CPU
		{9858442B-1B89-4961-BB7F-8588F59F86F1}.Debug|Any CPU.Build.0 = Debug|Any CPU
		{9858442B-1B89-4961-BB7F-8588F59F86F1}.Debug|ARM.ActiveCfg = Debug|Any CPU
		{9858442B-1B89-4961-BB7F-8588F59F86F1}.Debug|ARM.Build.0 = Debug|Any CPU
		{9858442B-1B89-4961-BB7F-8588F59F86F1}.Debug|iPhone.ActiveCfg = Debug|Any CPU
		{9858442B-1B89-4961-BB7F-8588F59F86F1}.Debug|iPhone.Build.0 = Debug|Any CPU
		{9858442B-1B89-4961-BB7F-8588F59F86F1}.Debug|iPhoneSimulator.ActiveCfg = Debug|Any CPU
		{9858442B-1B89-4961-BB7F-8588F59F86F1}.Debug|iPhoneSimulator.Build.0 = Debug|Any CPU
		{9858442B-1B89-4961-BB7F-8588F59F86F1}.Debug|x64.ActiveCfg = Debug|Any CPU
		{9858442B-1B89-4961-BB7F-8588F59F86F1}.Debug|x64.Build.0 = Debug|Any CPU
		{9858442B-1B89-4961-BB7F-8588F59F86F1}.Debug|x86.ActiveCfg = Debug|Any CPU
		{9858442B-1B89-4961-BB7F-8588F59F86F1}.Debug|x86.Build.0 = Debug|Any CPU
		{9858442B-1B89-4961-BB7F-8588F59F86F1}.Release|Any CPU.ActiveCfg = Release|Any CPU
		{9858442B-1B89-4961-BB7F-8588F59F86F1}.Release|Any CPU.Build.0 = Release|Any CPU
		{9858442B-1B89-4961-BB7F-8588F59F86F1}.Release|ARM.ActiveCfg = Release|Any CPU
		{9858442B-1B89-4961-BB7F-8588F59F86F1}.Release|ARM.Build.0 = Release|Any CPU
		{9858442B-1B89-4961-BB7F-8588F59F86F1}.Release|iPhone.ActiveCfg = Release|Any CPU
		{9858442B-1B89-4961-BB7F-8588F59F86F1}.Release|iPhone.Build.0 = Release|Any CPU
		{9858442B-1B89-4961-BB7F-8588F59F86F1}.Release|iPhoneSimulator.ActiveCfg = Release|Any CPU
		{9858442B-1B89-4961-BB7F-8588F59F86F1}.Release|iPhoneSimulator.Build.0 = Release|Any CPU
		{9858442B-1B89-4961-BB7F-8588F59F86F1}.Release|x64.ActiveCfg = Release|Any CPU
		{9858442B-1B89-4961-BB7F-8588F59F86F1}.Release|x64.Build.0 = Release|Any CPU
		{9858442B-1B89-4961-BB7F-8588F59F86F1}.Release|x86.ActiveCfg = Release|Any CPU
		{9858442B-1B89-4961-BB7F-8588F59F86F1}.Release|x86.Build.0 = Release|Any CPU
		{E31636A8-CF5E-407E-8BDE-780312ABF82E}.Debug|Any CPU.ActiveCfg = Debug|Any CPU
		{E31636A8-CF5E-407E-8BDE-780312ABF82E}.Debug|Any CPU.Build.0 = Debug|Any CPU
		{E31636A8-CF5E-407E-8BDE-780312ABF82E}.Debug|ARM.ActiveCfg = Debug|Any CPU
		{E31636A8-CF5E-407E-8BDE-780312ABF82E}.Debug|ARM.Build.0 = Debug|Any CPU
		{E31636A8-CF5E-407E-8BDE-780312ABF82E}.Debug|iPhone.ActiveCfg = Debug|Any CPU
		{E31636A8-CF5E-407E-8BDE-780312ABF82E}.Debug|iPhone.Build.0 = Debug|Any CPU
		{E31636A8-CF5E-407E-8BDE-780312ABF82E}.Debug|iPhoneSimulator.ActiveCfg = Debug|Any CPU
		{E31636A8-CF5E-407E-8BDE-780312ABF82E}.Debug|iPhoneSimulator.Build.0 = Debug|Any CPU
		{E31636A8-CF5E-407E-8BDE-780312ABF82E}.Debug|x64.ActiveCfg = Debug|Any CPU
		{E31636A8-CF5E-407E-8BDE-780312ABF82E}.Debug|x64.Build.0 = Debug|Any CPU
		{E31636A8-CF5E-407E-8BDE-780312ABF82E}.Debug|x86.ActiveCfg = Debug|Any CPU
		{E31636A8-CF5E-407E-8BDE-780312ABF82E}.Debug|x86.Build.0 = Debug|Any CPU
		{E31636A8-CF5E-407E-8BDE-780312ABF82E}.Release|Any CPU.ActiveCfg = Release|Any CPU
		{E31636A8-CF5E-407E-8BDE-780312ABF82E}.Release|Any CPU.Build.0 = Release|Any CPU
		{E31636A8-CF5E-407E-8BDE-780312ABF82E}.Release|ARM.ActiveCfg = Release|Any CPU
		{E31636A8-CF5E-407E-8BDE-780312ABF82E}.Release|ARM.Build.0 = Release|Any CPU
		{E31636A8-CF5E-407E-8BDE-780312ABF82E}.Release|iPhone.ActiveCfg = Release|Any CPU
		{E31636A8-CF5E-407E-8BDE-780312ABF82E}.Release|iPhone.Build.0 = Release|Any CPU
		{E31636A8-CF5E-407E-8BDE-780312ABF82E}.Release|iPhoneSimulator.ActiveCfg = Release|Any CPU
		{E31636A8-CF5E-407E-8BDE-780312ABF82E}.Release|iPhoneSimulator.Build.0 = Release|Any CPU
		{E31636A8-CF5E-407E-8BDE-780312ABF82E}.Release|x64.ActiveCfg = Release|Any CPU
		{E31636A8-CF5E-407E-8BDE-780312ABF82E}.Release|x64.Build.0 = Release|Any CPU
		{E31636A8-CF5E-407E-8BDE-780312ABF82E}.Release|x86.ActiveCfg = Release|Any CPU
		{E31636A8-CF5E-407E-8BDE-780312ABF82E}.Release|x86.Build.0 = Release|Any CPU
		{E9F915B4-1E8D-4424-819E-66ACB93CCFE7}.Debug|Any CPU.ActiveCfg = Debug|Any CPU
		{E9F915B4-1E8D-4424-819E-66ACB93CCFE7}.Debug|Any CPU.Build.0 = Debug|Any CPU
		{E9F915B4-1E8D-4424-819E-66ACB93CCFE7}.Debug|ARM.ActiveCfg = Debug|Any CPU
		{E9F915B4-1E8D-4424-819E-66ACB93CCFE7}.Debug|ARM.Build.0 = Debug|Any CPU
		{E9F915B4-1E8D-4424-819E-66ACB93CCFE7}.Debug|iPhone.ActiveCfg = Debug|Any CPU
		{E9F915B4-1E8D-4424-819E-66ACB93CCFE7}.Debug|iPhone.Build.0 = Debug|Any CPU
		{E9F915B4-1E8D-4424-819E-66ACB93CCFE7}.Debug|iPhoneSimulator.ActiveCfg = Debug|Any CPU
		{E9F915B4-1E8D-4424-819E-66ACB93CCFE7}.Debug|iPhoneSimulator.Build.0 = Debug|Any CPU
		{E9F915B4-1E8D-4424-819E-66ACB93CCFE7}.Debug|x64.ActiveCfg = Debug|Any CPU
		{E9F915B4-1E8D-4424-819E-66ACB93CCFE7}.Debug|x64.Build.0 = Debug|Any CPU
		{E9F915B4-1E8D-4424-819E-66ACB93CCFE7}.Debug|x86.ActiveCfg = Debug|Any CPU
		{E9F915B4-1E8D-4424-819E-66ACB93CCFE7}.Debug|x86.Build.0 = Debug|Any CPU
		{E9F915B4-1E8D-4424-819E-66ACB93CCFE7}.Release|Any CPU.ActiveCfg = Release|Any CPU
		{E9F915B4-1E8D-4424-819E-66ACB93CCFE7}.Release|Any CPU.Build.0 = Release|Any CPU
		{E9F915B4-1E8D-4424-819E-66ACB93CCFE7}.Release|ARM.ActiveCfg = Release|Any CPU
		{E9F915B4-1E8D-4424-819E-66ACB93CCFE7}.Release|ARM.Build.0 = Release|Any CPU
		{E9F915B4-1E8D-4424-819E-66ACB93CCFE7}.Release|iPhone.ActiveCfg = Release|Any CPU
		{E9F915B4-1E8D-4424-819E-66ACB93CCFE7}.Release|iPhone.Build.0 = Release|Any CPU
		{E9F915B4-1E8D-4424-819E-66ACB93CCFE7}.Release|iPhoneSimulator.ActiveCfg = Release|Any CPU
		{E9F915B4-1E8D-4424-819E-66ACB93CCFE7}.Release|iPhoneSimulator.Build.0 = Release|Any CPU
		{E9F915B4-1E8D-4424-819E-66ACB93CCFE7}.Release|x64.ActiveCfg = Release|Any CPU
		{E9F915B4-1E8D-4424-819E-66ACB93CCFE7}.Release|x64.Build.0 = Release|Any CPU
		{E9F915B4-1E8D-4424-819E-66ACB93CCFE7}.Release|x86.ActiveCfg = Release|Any CPU
		{E9F915B4-1E8D-4424-819E-66ACB93CCFE7}.Release|x86.Build.0 = Release|Any CPU
		{91012062-E7A8-4F53-A814-144652C266A8}.Debug|Any CPU.ActiveCfg = Debug|Any CPU
		{91012062-E7A8-4F53-A814-144652C266A8}.Debug|Any CPU.Build.0 = Debug|Any CPU
		{91012062-E7A8-4F53-A814-144652C266A8}.Debug|ARM.ActiveCfg = Debug|Any CPU
		{91012062-E7A8-4F53-A814-144652C266A8}.Debug|ARM.Build.0 = Debug|Any CPU
		{91012062-E7A8-4F53-A814-144652C266A8}.Debug|iPhone.ActiveCfg = Debug|Any CPU
		{91012062-E7A8-4F53-A814-144652C266A8}.Debug|iPhone.Build.0 = Debug|Any CPU
		{91012062-E7A8-4F53-A814-144652C266A8}.Debug|iPhoneSimulator.ActiveCfg = Debug|Any CPU
		{91012062-E7A8-4F53-A814-144652C266A8}.Debug|iPhoneSimulator.Build.0 = Debug|Any CPU
		{91012062-E7A8-4F53-A814-144652C266A8}.Debug|x64.ActiveCfg = Debug|Any CPU
		{91012062-E7A8-4F53-A814-144652C266A8}.Debug|x64.Build.0 = Debug|Any CPU
		{91012062-E7A8-4F53-A814-144652C266A8}.Debug|x86.ActiveCfg = Debug|Any CPU
		{91012062-E7A8-4F53-A814-144652C266A8}.Debug|x86.Build.0 = Debug|Any CPU
		{91012062-E7A8-4F53-A814-144652C266A8}.Release|Any CPU.ActiveCfg = Release|Any CPU
		{91012062-E7A8-4F53-A814-144652C266A8}.Release|Any CPU.Build.0 = Release|Any CPU
		{91012062-E7A8-4F53-A814-144652C266A8}.Release|ARM.ActiveCfg = Release|Any CPU
		{91012062-E7A8-4F53-A814-144652C266A8}.Release|ARM.Build.0 = Release|Any CPU
		{91012062-E7A8-4F53-A814-144652C266A8}.Release|iPhone.ActiveCfg = Release|Any CPU
		{91012062-E7A8-4F53-A814-144652C266A8}.Release|iPhone.Build.0 = Release|Any CPU
		{91012062-E7A8-4F53-A814-144652C266A8}.Release|iPhoneSimulator.ActiveCfg = Release|Any CPU
		{91012062-E7A8-4F53-A814-144652C266A8}.Release|iPhoneSimulator.Build.0 = Release|Any CPU
		{91012062-E7A8-4F53-A814-144652C266A8}.Release|x64.ActiveCfg = Release|Any CPU
		{91012062-E7A8-4F53-A814-144652C266A8}.Release|x64.Build.0 = Release|Any CPU
		{91012062-E7A8-4F53-A814-144652C266A8}.Release|x86.ActiveCfg = Release|Any CPU
		{91012062-E7A8-4F53-A814-144652C266A8}.Release|x86.Build.0 = Release|Any CPU
		{76284B34-90A7-437C-85C9-829387F4C5B8}.Debug|Any CPU.ActiveCfg = Debug|x64
		{76284B34-90A7-437C-85C9-829387F4C5B8}.Debug|Any CPU.Build.0 = Debug|x64
		{76284B34-90A7-437C-85C9-829387F4C5B8}.Debug|Any CPU.Deploy.0 = Debug|x64
		{76284B34-90A7-437C-85C9-829387F4C5B8}.Debug|ARM.ActiveCfg = Debug|ARM
		{76284B34-90A7-437C-85C9-829387F4C5B8}.Debug|ARM.Build.0 = Debug|ARM
		{76284B34-90A7-437C-85C9-829387F4C5B8}.Debug|ARM.Deploy.0 = Debug|ARM
		{76284B34-90A7-437C-85C9-829387F4C5B8}.Debug|iPhone.ActiveCfg = Debug|x64
		{76284B34-90A7-437C-85C9-829387F4C5B8}.Debug|iPhone.Build.0 = Debug|x64
		{76284B34-90A7-437C-85C9-829387F4C5B8}.Debug|iPhone.Deploy.0 = Debug|x64
		{76284B34-90A7-437C-85C9-829387F4C5B8}.Debug|iPhoneSimulator.ActiveCfg = Debug|x64
		{76284B34-90A7-437C-85C9-829387F4C5B8}.Debug|iPhoneSimulator.Build.0 = Debug|x64
		{76284B34-90A7-437C-85C9-829387F4C5B8}.Debug|iPhoneSimulator.Deploy.0 = Debug|x64
		{76284B34-90A7-437C-85C9-829387F4C5B8}.Debug|x64.ActiveCfg = Debug|x64
		{76284B34-90A7-437C-85C9-829387F4C5B8}.Debug|x64.Build.0 = Debug|x64
		{76284B34-90A7-437C-85C9-829387F4C5B8}.Debug|x64.Deploy.0 = Debug|x64
		{76284B34-90A7-437C-85C9-829387F4C5B8}.Debug|x86.ActiveCfg = Debug|x86
		{76284B34-90A7-437C-85C9-829387F4C5B8}.Debug|x86.Build.0 = Debug|x86
		{76284B34-90A7-437C-85C9-829387F4C5B8}.Debug|x86.Deploy.0 = Debug|x86
		{76284B34-90A7-437C-85C9-829387F4C5B8}.Release|Any CPU.ActiveCfg = Release|x64
		{76284B34-90A7-437C-85C9-829387F4C5B8}.Release|Any CPU.Build.0 = Release|x64
		{76284B34-90A7-437C-85C9-829387F4C5B8}.Release|Any CPU.Deploy.0 = Release|x64
		{76284B34-90A7-437C-85C9-829387F4C5B8}.Release|ARM.ActiveCfg = Release|ARM
		{76284B34-90A7-437C-85C9-829387F4C5B8}.Release|ARM.Build.0 = Release|ARM
		{76284B34-90A7-437C-85C9-829387F4C5B8}.Release|ARM.Deploy.0 = Release|ARM
		{76284B34-90A7-437C-85C9-829387F4C5B8}.Release|iPhone.ActiveCfg = Release|x64
		{76284B34-90A7-437C-85C9-829387F4C5B8}.Release|iPhone.Build.0 = Release|x64
		{76284B34-90A7-437C-85C9-829387F4C5B8}.Release|iPhone.Deploy.0 = Release|x64
		{76284B34-90A7-437C-85C9-829387F4C5B8}.Release|iPhoneSimulator.ActiveCfg = Release|x64
		{76284B34-90A7-437C-85C9-829387F4C5B8}.Release|iPhoneSimulator.Build.0 = Release|x64
		{76284B34-90A7-437C-85C9-829387F4C5B8}.Release|iPhoneSimulator.Deploy.0 = Release|x64
		{76284B34-90A7-437C-85C9-829387F4C5B8}.Release|x64.ActiveCfg = Release|x64
		{76284B34-90A7-437C-85C9-829387F4C5B8}.Release|x64.Build.0 = Release|x64
		{76284B34-90A7-437C-85C9-829387F4C5B8}.Release|x64.Deploy.0 = Release|x64
		{76284B34-90A7-437C-85C9-829387F4C5B8}.Release|x86.ActiveCfg = Release|x86
		{76284B34-90A7-437C-85C9-829387F4C5B8}.Release|x86.Build.0 = Release|x86
		{76284B34-90A7-437C-85C9-829387F4C5B8}.Release|x86.Deploy.0 = Release|x86
		{92841A9E-93B9-4F86-8805-EBBA06BF9C0E}.Debug|Any CPU.ActiveCfg = Debug|Any CPU
		{92841A9E-93B9-4F86-8805-EBBA06BF9C0E}.Debug|Any CPU.Build.0 = Debug|Any CPU
		{92841A9E-93B9-4F86-8805-EBBA06BF9C0E}.Debug|Any CPU.Deploy.0 = Debug|Any CPU
		{92841A9E-93B9-4F86-8805-EBBA06BF9C0E}.Debug|ARM.ActiveCfg = Debug|Any CPU
		{92841A9E-93B9-4F86-8805-EBBA06BF9C0E}.Debug|ARM.Build.0 = Debug|Any CPU
		{92841A9E-93B9-4F86-8805-EBBA06BF9C0E}.Debug|ARM.Deploy.0 = Debug|Any CPU
		{92841A9E-93B9-4F86-8805-EBBA06BF9C0E}.Debug|iPhone.ActiveCfg = Debug|Any CPU
		{92841A9E-93B9-4F86-8805-EBBA06BF9C0E}.Debug|iPhone.Build.0 = Debug|Any CPU
		{92841A9E-93B9-4F86-8805-EBBA06BF9C0E}.Debug|iPhone.Deploy.0 = Debug|Any CPU
		{92841A9E-93B9-4F86-8805-EBBA06BF9C0E}.Debug|iPhoneSimulator.ActiveCfg = Debug|Any CPU
		{92841A9E-93B9-4F86-8805-EBBA06BF9C0E}.Debug|iPhoneSimulator.Build.0 = Debug|Any CPU
		{92841A9E-93B9-4F86-8805-EBBA06BF9C0E}.Debug|iPhoneSimulator.Deploy.0 = Debug|Any CPU
		{92841A9E-93B9-4F86-8805-EBBA06BF9C0E}.Debug|x64.ActiveCfg = Debug|Any CPU
		{92841A9E-93B9-4F86-8805-EBBA06BF9C0E}.Debug|x64.Build.0 = Debug|Any CPU
		{92841A9E-93B9-4F86-8805-EBBA06BF9C0E}.Debug|x64.Deploy.0 = Debug|Any CPU
		{92841A9E-93B9-4F86-8805-EBBA06BF9C0E}.Debug|x86.ActiveCfg = Debug|Any CPU
		{92841A9E-93B9-4F86-8805-EBBA06BF9C0E}.Debug|x86.Build.0 = Debug|Any CPU
		{92841A9E-93B9-4F86-8805-EBBA06BF9C0E}.Debug|x86.Deploy.0 = Debug|Any CPU
		{92841A9E-93B9-4F86-8805-EBBA06BF9C0E}.Release|Any CPU.ActiveCfg = Release|Any CPU
		{92841A9E-93B9-4F86-8805-EBBA06BF9C0E}.Release|Any CPU.Build.0 = Release|Any CPU
		{92841A9E-93B9-4F86-8805-EBBA06BF9C0E}.Release|Any CPU.Deploy.0 = Release|Any CPU
		{92841A9E-93B9-4F86-8805-EBBA06BF9C0E}.Release|ARM.ActiveCfg = Release|Any CPU
		{92841A9E-93B9-4F86-8805-EBBA06BF9C0E}.Release|ARM.Build.0 = Release|Any CPU
		{92841A9E-93B9-4F86-8805-EBBA06BF9C0E}.Release|ARM.Deploy.0 = Release|Any CPU
		{92841A9E-93B9-4F86-8805-EBBA06BF9C0E}.Release|iPhone.ActiveCfg = Release|Any CPU
		{92841A9E-93B9-4F86-8805-EBBA06BF9C0E}.Release|iPhone.Build.0 = Release|Any CPU
		{92841A9E-93B9-4F86-8805-EBBA06BF9C0E}.Release|iPhone.Deploy.0 = Release|Any CPU
		{92841A9E-93B9-4F86-8805-EBBA06BF9C0E}.Release|iPhoneSimulator.ActiveCfg = Release|Any CPU
		{92841A9E-93B9-4F86-8805-EBBA06BF9C0E}.Release|iPhoneSimulator.Build.0 = Release|Any CPU
		{92841A9E-93B9-4F86-8805-EBBA06BF9C0E}.Release|iPhoneSimulator.Deploy.0 = Release|Any CPU
		{92841A9E-93B9-4F86-8805-EBBA06BF9C0E}.Release|x64.ActiveCfg = Release|Any CPU
		{92841A9E-93B9-4F86-8805-EBBA06BF9C0E}.Release|x64.Build.0 = Release|Any CPU
		{92841A9E-93B9-4F86-8805-EBBA06BF9C0E}.Release|x64.Deploy.0 = Release|Any CPU
		{92841A9E-93B9-4F86-8805-EBBA06BF9C0E}.Release|x86.ActiveCfg = Release|Any CPU
		{92841A9E-93B9-4F86-8805-EBBA06BF9C0E}.Release|x86.Build.0 = Release|Any CPU
		{92841A9E-93B9-4F86-8805-EBBA06BF9C0E}.Release|x86.Deploy.0 = Release|Any CPU
		{183819F7-84C2-4844-9FFF-224D31AAB1AE}.Debug|Any CPU.ActiveCfg = Debug|iPhoneSimulator
		{183819F7-84C2-4844-9FFF-224D31AAB1AE}.Debug|Any CPU.Build.0 = Debug|iPhoneSimulator
		{183819F7-84C2-4844-9FFF-224D31AAB1AE}.Debug|ARM.ActiveCfg = Debug|iPhoneSimulator
		{183819F7-84C2-4844-9FFF-224D31AAB1AE}.Debug|ARM.Build.0 = Debug|iPhoneSimulator
		{183819F7-84C2-4844-9FFF-224D31AAB1AE}.Debug|iPhone.ActiveCfg = Debug|iPhone
		{183819F7-84C2-4844-9FFF-224D31AAB1AE}.Debug|iPhone.Build.0 = Debug|iPhone
		{183819F7-84C2-4844-9FFF-224D31AAB1AE}.Debug|iPhoneSimulator.ActiveCfg = Debug|iPhoneSimulator
		{183819F7-84C2-4844-9FFF-224D31AAB1AE}.Debug|iPhoneSimulator.Build.0 = Debug|iPhoneSimulator
		{183819F7-84C2-4844-9FFF-224D31AAB1AE}.Debug|x64.ActiveCfg = Debug|iPhoneSimulator
		{183819F7-84C2-4844-9FFF-224D31AAB1AE}.Debug|x64.Build.0 = Debug|iPhoneSimulator
		{183819F7-84C2-4844-9FFF-224D31AAB1AE}.Debug|x86.ActiveCfg = Debug|iPhoneSimulator
		{183819F7-84C2-4844-9FFF-224D31AAB1AE}.Debug|x86.Build.0 = Debug|iPhoneSimulator
		{183819F7-84C2-4844-9FFF-224D31AAB1AE}.Release|Any CPU.ActiveCfg = Release|iPhoneSimulator
		{183819F7-84C2-4844-9FFF-224D31AAB1AE}.Release|Any CPU.Build.0 = Release|iPhoneSimulator
		{183819F7-84C2-4844-9FFF-224D31AAB1AE}.Release|ARM.ActiveCfg = Release|iPhoneSimulator
		{183819F7-84C2-4844-9FFF-224D31AAB1AE}.Release|ARM.Build.0 = Release|iPhoneSimulator
		{183819F7-84C2-4844-9FFF-224D31AAB1AE}.Release|iPhone.ActiveCfg = Release|iPhone
		{183819F7-84C2-4844-9FFF-224D31AAB1AE}.Release|iPhone.Build.0 = Release|iPhone
		{183819F7-84C2-4844-9FFF-224D31AAB1AE}.Release|iPhoneSimulator.ActiveCfg = Release|iPhoneSimulator
		{183819F7-84C2-4844-9FFF-224D31AAB1AE}.Release|iPhoneSimulator.Build.0 = Release|iPhoneSimulator
		{183819F7-84C2-4844-9FFF-224D31AAB1AE}.Release|x64.ActiveCfg = Release|iPhoneSimulator
		{183819F7-84C2-4844-9FFF-224D31AAB1AE}.Release|x64.Build.0 = Release|iPhoneSimulator
		{183819F7-84C2-4844-9FFF-224D31AAB1AE}.Release|x86.ActiveCfg = Release|iPhoneSimulator
		{183819F7-84C2-4844-9FFF-224D31AAB1AE}.Release|x86.Build.0 = Release|iPhoneSimulator
		{F778ACA7-0337-4AE4-A0FD-48F42AF450E6}.Debug|Any CPU.ActiveCfg = Debug|Any CPU
		{F778ACA7-0337-4AE4-A0FD-48F42AF450E6}.Debug|Any CPU.Build.0 = Debug|Any CPU
		{F778ACA7-0337-4AE4-A0FD-48F42AF450E6}.Debug|ARM.ActiveCfg = Debug|Any CPU
		{F778ACA7-0337-4AE4-A0FD-48F42AF450E6}.Debug|ARM.Build.0 = Debug|Any CPU
		{F778ACA7-0337-4AE4-A0FD-48F42AF450E6}.Debug|iPhone.ActiveCfg = Debug|Any CPU
		{F778ACA7-0337-4AE4-A0FD-48F42AF450E6}.Debug|iPhone.Build.0 = Debug|Any CPU
		{F778ACA7-0337-4AE4-A0FD-48F42AF450E6}.Debug|iPhoneSimulator.ActiveCfg = Debug|Any CPU
		{F778ACA7-0337-4AE4-A0FD-48F42AF450E6}.Debug|iPhoneSimulator.Build.0 = Debug|Any CPU
		{F778ACA7-0337-4AE4-A0FD-48F42AF450E6}.Debug|x64.ActiveCfg = Debug|Any CPU
		{F778ACA7-0337-4AE4-A0FD-48F42AF450E6}.Debug|x64.Build.0 = Debug|Any CPU
		{F778ACA7-0337-4AE4-A0FD-48F42AF450E6}.Debug|x86.ActiveCfg = Debug|Any CPU
		{F778ACA7-0337-4AE4-A0FD-48F42AF450E6}.Debug|x86.Build.0 = Debug|Any CPU
		{F778ACA7-0337-4AE4-A0FD-48F42AF450E6}.Release|Any CPU.ActiveCfg = Release|Any CPU
		{F778ACA7-0337-4AE4-A0FD-48F42AF450E6}.Release|Any CPU.Build.0 = Release|Any CPU
		{F778ACA7-0337-4AE4-A0FD-48F42AF450E6}.Release|ARM.ActiveCfg = Release|Any CPU
		{F778ACA7-0337-4AE4-A0FD-48F42AF450E6}.Release|ARM.Build.0 = Release|Any CPU
		{F778ACA7-0337-4AE4-A0FD-48F42AF450E6}.Release|iPhone.ActiveCfg = Release|Any CPU
		{F778ACA7-0337-4AE4-A0FD-48F42AF450E6}.Release|iPhone.Build.0 = Release|Any CPU
		{F778ACA7-0337-4AE4-A0FD-48F42AF450E6}.Release|iPhoneSimulator.ActiveCfg = Release|Any CPU
		{F778ACA7-0337-4AE4-A0FD-48F42AF450E6}.Release|iPhoneSimulator.Build.0 = Release|Any CPU
		{F778ACA7-0337-4AE4-A0FD-48F42AF450E6}.Release|x64.ActiveCfg = Release|Any CPU
		{F778ACA7-0337-4AE4-A0FD-48F42AF450E6}.Release|x64.Build.0 = Release|Any CPU
		{F778ACA7-0337-4AE4-A0FD-48F42AF450E6}.Release|x86.ActiveCfg = Release|Any CPU
		{F778ACA7-0337-4AE4-A0FD-48F42AF450E6}.Release|x86.Build.0 = Release|Any CPU
	EndGlobalSection
	GlobalSection(SolutionProperties) = preSolution
		HideSolutionNode = FALSE
	EndGlobalSection
	GlobalSection(ExtensibilityGlobals) = postSolution
		SolutionGuid = {E92AA520-2607-4F82-81FD-6C18D7E6EFFB}
	EndGlobalSection
EndGlobal
